
Microsoft Visual Studio Solution File, Format Version 12.00
# Visual Studio Version 16
VisualStudioVersion = 16.0.31129.286
MinimumVisualStudioVersion = 10.0.40219.1
Project("{888888A0-9F3D-457C-B088-3A5042F75D52}") = "Pythonclass-Zuri", "Authentication\Pythonclass-Zuri.pyproj", "{1FAA4D20-2AA4-4D5A-98CE-D848DA8970FC}"
EndProject
Global
	GlobalSection(SolutionConfigurationPlatforms) = preSolution
		Debug|Any CPU = Debug|Any CPU
		Release|Any CPU = Release|Any CPU
	EndGlobalSection
	GlobalSection(ProjectConfigurationPlatforms) = postSolution
		{1FAA4D20-2AA4-4D5A-98CE-D848DA8970FC}.Debug|Any CPU.ActiveCfg = Debug|Any CPU
		{1FAA4D20-2AA4-4D5A-98CE-D848DA8970FC}.Release|Any CPU.ActiveCfg = Release|Any CPU
	EndGlobalSection
	GlobalSection(SolutionProperties) = preSolution
		HideSolutionNode = FALSE
	EndGlobalSection
	GlobalSection(ExtensibilityGlobals) = postSolution
		SolutionGuid = {7D398A7D-E140-44F5-9029-72CB8ADA0385}
	EndGlobalSection
EndGlobal
